{
  "originHash" : "759197fe1a68667b518e14caced266bd1f8fac1d03d43f826d3101b2399f2a8c",
  "pins" : [
    {
      "identity" : "capacitor-swift-pm",
      "kind" : "remoteSourceControl",
      "location" : "https://github.com/ionic-team/capacitor-swift-pm.git",
      "state" : {
        "revision" : "4c7f346d16196e21fbe23d4a7a6fc7af62af6742",
        "version" : "8.5.3"
      }
    },
    {
      "identity" : "ion-ios-filesystem",
      "kind" : "remoteSourceControl",
      "location" : "https://github.com/ionic-team/ion-ios-filesystem.git",
      "state" : {
        "revision" : "13848aab4f3447ff98dfdbe72ff8ef31bf333db0",
        "version" : "2.0.0"
      }
    }
  ],
  "version" : 3
}
